
Microsoft Visual Studio Solution File, Format Version 12.00
# Visual Studio Version 17
VisualStudioVersion = 17.9.34723.18
MinimumVisualStudioVersion = 10.0.40219.1
Project("{9A19103F-16F7-4668-BE54-9A1E7A4F7556}") = "CatalogService", "Service\CatalogService.csproj", "{7D541687-7A0C-4A78-BCC2-9F069A6F3EE9}"
EndProject
Project("{9A19103F-16F7-4668-BE54-9A1E7A4F7556}") = "CommonLib", "CommonLib\CommonLib.csproj", "{9DAF2BD3-C612-4E9A-B3D6-A0B11A3E3C02}"
EndProject
Project("{2150E333-8FDC-42A3-9474-1A3956D46DE8}") = "SolutionItems", "SolutionItems", "{ADFB3CE0-E1EA-4E7A-87FD-89383983D88B}"
	ProjectSection(SolutionItems) = preProject
		docker-compose.yaml = docker-compose.yaml
	EndProjectSection
EndProject
Global
	GlobalSection(SolutionConfigurationPlatforms) = preSolution
		Debug|Any CPU = Debug|Any CPU
		Release|Any CPU = Release|Any CPU
	EndGlobalSection
	GlobalSection(ProjectConfigurationPlatforms) = postSolution
		{7D541687-7A0C-4A78-BCC2-9F069A6F3EE9}.Debug|Any CPU.ActiveCfg = Debug|Any CPU
		{7D541687-7A0C-4A78-BCC2-9F069A6F3EE9}.Debug|Any CPU.Build.0 = Debug|Any CPU
		{7D541687-7A0C-4A78-BCC2-9F069A6F3EE9}.Release|Any CPU.ActiveCfg = Release|Any CPU
		{7D541687-7A0C-4A78-BCC2-9F069A6F3EE9}.Release|Any CPU.Build.0 = Release|Any CPU
		{9DAF2BD3-C612-4E9A-B3D6-A0B11A3E3C02}.Debug|Any CPU.ActiveCfg = Debug|Any CPU
		{9DAF2BD3-C612-4E9A-B3D6-A0B11A3E3C02}.Debug|Any CPU.Build.0 = Debug|Any CPU
		{9DAF2BD3-C612-4E9A-B3D6-A0B11A3E3C02}.Release|Any CPU.ActiveCfg = Release|Any CPU
		{9DAF2BD3-C612-4E9A-B3D6-A0B11A3E3C02}.Release|Any CPU.Build.0 = Release|Any CPU
	EndGlobalSection
	GlobalSection(SolutionProperties) = preSolution
		HideSolutionNode = FALSE
	EndGlobalSection
	GlobalSection(ExtensibilityGlobals) = postSolution
		SolutionGuid = {DA2345C1-6682-454C-9F27-6B41A8F5419A}
	EndGlobalSection
EndGlobal
