
Microsoft Visual Studio Solution File, Format Version 12.00
# Visual Studio Version 17
VisualStudioVersion = 17.9.34723.18
MinimumVisualStudioVersion = 10.0.40219.1
Project("{FAE04EC0-301F-11D3-BF4B-00C04F79EFBC}") = "Service", "Service\Service.csproj", "{7D541687-7A0C-4A78-BCC2-9F069A6F3EE9}"
EndProject
Global
	GlobalSection(SolutionConfigurationPlatforms) = preSolution
		Debug|Any CPU = Debug|Any CPU
		Release|Any CPU = Release|Any CPU
	EndGlobalSection
	GlobalSection(ProjectConfigurationPlatforms) = postSolution
		{7D541687-7A0C-4A78-BCC2-9F069A6F3EE9}.Debug|Any CPU.ActiveCfg = Debug|Any CPU
		{7D541687-7A0C-4A78-BCC2-9F069A6F3EE9}.Debug|Any CPU.Build.0 = Debug|Any CPU
		{7D541687-7A0C-4A78-BCC2-9F069A6F3EE9}.Release|Any CPU.ActiveCfg = Release|Any CPU
		{7D541687-7A0C-4A78-BCC2-9F069A6F3EE9}.Release|Any CPU.Build.0 = Release|Any CPU
	EndGlobalSection
	GlobalSection(SolutionProperties) = preSolution
		HideSolutionNode = FALSE
	EndGlobalSection
	GlobalSection(ExtensibilityGlobals) = postSolution
		SolutionGuid = {DA2345C1-6682-454C-9F27-6B41A8F5419A}
	EndGlobalSection
EndGlobal
